
Microsoft Visual Studio Solution File, Format Version 12.00
# Visual Studio 14
VisualStudioVersion = 14.0.25123.0
MinimumVisualStudioVersion = 10.0.40219.1
Project("{FAE04EC0-301F-11D3-BF4B-00C04F79EFBC}") = "ExercicioMegamanNivel4", "ExercicioMegamanNivel4\ExercicioMegamanNivel4.csproj", "{6DDBEF74-F327-435C-B081-017168502888}"
EndProject
Project("{FAE04EC0-301F-11D3-BF4B-00C04F79EFBC}") = "ExercicioMegamanNivel4Test", "ExercicioMegamanNivel4Test\ExercicioMegamanNivel4Test.csproj", "{B01C4EFE-8B51-49AA-AB58-6F5CBF3C64A9}"
EndProject
Global
	GlobalSection(SolutionConfigurationPlatforms) = preSolution
		Debug|Any CPU = Debug|Any CPU
		Release|Any CPU = Release|Any CPU
	EndGlobalSection
	GlobalSection(ProjectConfigurationPlatforms) = postSolution
		{6DDBEF74-F327-435C-B081-017168502888}.Debug|Any CPU.ActiveCfg = Debug|Any CPU
		{6DDBEF74-F327-435C-B081-017168502888}.Debug|Any CPU.Build.0 = Debug|Any CPU
		{6DDBEF74-F327-435C-B081-017168502888}.Release|Any CPU.ActiveCfg = Release|Any CPU
		{6DDBEF74-F327-435C-B081-017168502888}.Release|Any CPU.Build.0 = Release|Any CPU
		{B01C4EFE-8B51-49AA-AB58-6F5CBF3C64A9}.Debug|Any CPU.ActiveCfg = Debug|Any CPU
		{B01C4EFE-8B51-49AA-AB58-6F5CBF3C64A9}.Debug|Any CPU.Build.0 = Debug|Any CPU
		{B01C4EFE-8B51-49AA-AB58-6F5CBF3C64A9}.Release|Any CPU.ActiveCfg = Release|Any CPU
		{B01C4EFE-8B51-49AA-AB58-6F5CBF3C64A9}.Release|Any CPU.Build.0 = Release|Any CPU
	EndGlobalSection
	GlobalSection(SolutionProperties) = preSolution
		HideSolutionNode = FALSE
	EndGlobalSection
EndGlobal
